<?xml version="1.0" encoding="utf-8"?>
<Project ToolsVersion="4.0" xmlns="http://schemas.microsoft.com/developer/msbuild/2003">
  <ItemGroup>
    <Filter Include="Textures">
      <UniqueIdentifier>{df3c1365-504b-45ce-ae9f-979cd409b26c}</UniqueIdentifier>
    </Filter>
    <Filter Include="Audio">
      <UniqueIdentifier>{44e63706-641c-4a65-812e-be077a8c9af3}</UniqueIdentifier>
    </Filter>
    <Filter Include="Engine Essentials">
      <UniqueIdentifier>{4FC737F1-C7A5-4376-A066-2A32D752A2FF}</UniqueIdentifier>
      <Extensions>cpp;c;cc;cxx;c++;cppm;ixx;def;odl;idl;hpj;bat;asm;asmx</Extensions>
    </Filter>
    <Filter Include="Screen Scroll">
      <UniqueIdentifier>{460d6fc4-3e06-41ed-ab31-b949543f4642}</UniqueIdentifier>
    </Filter>
    <Filter Include="Game Objects">
      <UniqueIdentifier>{b3c3f2d2-93e1-4411-ab59-ee04af7f62ad}</UniqueIdentifier>
    </Filter>
  </ItemGroup>
  <ItemGroup>
    <ClCompile Include="Main.cpp">
      <Filter>Engine Essentials</Filter>
    </ClCompile>
    <ClCompile Include="Engine.cpp">
      <Filter>Engine Essentials</Filter>
    </ClCompile>
    <ClCompile Include="Scroll.cpp">
      <Filter>Screen Scroll</Filter>
    </ClCompile>
    <ClCompile Include="Player.cpp">
      <Filter>Game Objects</Filter>
    </ClCompile>
  </ItemGroup>
  <ItemGroup>
    <ClInclude Include="Engine.h">
      <Filter>Engine Essentials</Filter>
    </ClInclude>
    <ClInclude Include="Scroll.h">
      <Filter>Screen Scroll</Filter>
    </ClInclude>
    <ClInclude Include="Player.h">
      <Filter>Game Objects</Filter>
    </ClInclude>
  </ItemGroup>
  <ItemGroup>
    <Image Include="Textures\Test_ground.png">
      <Filter>Textures</Filter>
    </Image>
    <Image Include="..\..\..\..\..\Pictures\game concept\Idle.png">
      <Filter>Textures</Filter>
    </Image>
  </ItemGroup>
</Project>